
Microsoft Visual Studio Solution File, Format Version 12.00
# Visual Studio 15
VisualStudioVersion = 15.0.28307.1062
MinimumVisualStudioVersion = 10.0.40219.1
Project("{FAE04EC0-301F-11D3-BF4B-00C04F79EFBC}") = "Shop", "Shop\Shop.csproj", "{73D823AC-042D-4396-80C0-73CAB3B62794}"
EndProject
Global
	GlobalSection(SolutionConfigurationPlatforms) = preSolution
		Debug|Any CPU = Debug|Any CPU
		Release|Any CPU = Release|Any CPU
	EndGlobalSection
	GlobalSection(ProjectConfigurationPlatforms) = postSolution
		{73D823AC-042D-4396-80C0-73CAB3B62794}.Debug|Any CPU.ActiveCfg = Debug|Any CPU
		{73D823AC-042D-4396-80C0-73CAB3B62794}.Debug|Any CPU.Build.0 = Debug|Any CPU
		{73D823AC-042D-4396-80C0-73CAB3B62794}.Release|Any CPU.ActiveCfg = Release|Any CPU
		{73D823AC-042D-4396-80C0-73CAB3B62794}.Release|Any CPU.Build.0 = Release|Any CPU
	EndGlobalSection
	GlobalSection(SolutionProperties) = preSolution
		HideSolutionNode = FALSE
	EndGlobalSection
	GlobalSection(ExtensibilityGlobals) = postSolution
		SolutionGuid = {ABD2CF31-AD21-45F8-B22A-519952578E93}
	EndGlobalSection
EndGlobal
