
Microsoft Visual Studio Solution File, Format Version 12.00
# Visual Studio Version 16
VisualStudioVersion = 16.0.29806.167
MinimumVisualStudioVersion = 10.0.40219.1
Project("{9A19103F-16F7-4668-BE54-9A1E7A4F7556}") = "Shop", "Shop\Shop.csproj", "{39FA8A5A-A2A4-4B28-A240-6DC9019153D2}"
EndProject
Project("{9A19103F-16F7-4668-BE54-9A1E7A4F7556}") = "Shop.Tests", "Shop.Tests\Shop.Tests.csproj", "{4660C29E-7777-423F-88E7-FFA91F09EA37}"
EndProject
Project("{FAE04EC0-301F-11D3-BF4B-00C04F79EFBC}") = "DataVisual", "DataVisual\DataVisual.csproj", "{24D82A3E-7697-4089-A339-24F9D765C554}"
EndProject
Project("{FAE04EC0-301F-11D3-BF4B-00C04F79EFBC}") = "Shop.Visual", "Shop.Visual\Shop.Visual.csproj", "{F43C9A79-1C0E-4A94-B852-09E5EEC6AB8D}"
EndProject
Project("{FAE04EC0-301F-11D3-BF4B-00C04F79EFBC}") = "ControllersVisual", "ControllersVisual\ControllersVisual.csproj", "{6D62A449-58C4-4964-9E0E-29CF6376983C}"
EndProject
Global
	GlobalSection(SolutionConfigurationPlatforms) = preSolution
		Debug|Any CPU = Debug|Any CPU
		Release|Any CPU = Release|Any CPU
	EndGlobalSection
	GlobalSection(ProjectConfigurationPlatforms) = postSolution
		{39FA8A5A-A2A4-4B28-A240-6DC9019153D2}.Debug|Any CPU.ActiveCfg = Debug|Any CPU
		{39FA8A5A-A2A4-4B28-A240-6DC9019153D2}.Debug|Any CPU.Build.0 = Debug|Any CPU
		{39FA8A5A-A2A4-4B28-A240-6DC9019153D2}.Release|Any CPU.ActiveCfg = Release|Any CPU
		{39FA8A5A-A2A4-4B28-A240-6DC9019153D2}.Release|Any CPU.Build.0 = Release|Any CPU
		{4660C29E-7777-423F-88E7-FFA91F09EA37}.Debug|Any CPU.ActiveCfg = Debug|Any CPU
		{4660C29E-7777-423F-88E7-FFA91F09EA37}.Debug|Any CPU.Build.0 = Debug|Any CPU
		{4660C29E-7777-423F-88E7-FFA91F09EA37}.Release|Any CPU.ActiveCfg = Release|Any CPU
		{4660C29E-7777-423F-88E7-FFA91F09EA37}.Release|Any CPU.Build.0 = Release|Any CPU
		{24D82A3E-7697-4089-A339-24F9D765C554}.Debug|Any CPU.ActiveCfg = Debug|Any CPU
		{24D82A3E-7697-4089-A339-24F9D765C554}.Debug|Any CPU.Build.0 = Debug|Any CPU
		{24D82A3E-7697-4089-A339-24F9D765C554}.Release|Any CPU.ActiveCfg = Release|Any CPU
		{24D82A3E-7697-4089-A339-24F9D765C554}.Release|Any CPU.Build.0 = Release|Any CPU
		{F43C9A79-1C0E-4A94-B852-09E5EEC6AB8D}.Debug|Any CPU.ActiveCfg = Debug|Any CPU
		{F43C9A79-1C0E-4A94-B852-09E5EEC6AB8D}.Debug|Any CPU.Build.0 = Debug|Any CPU
		{F43C9A79-1C0E-4A94-B852-09E5EEC6AB8D}.Release|Any CPU.ActiveCfg = Release|Any CPU
		{F43C9A79-1C0E-4A94-B852-09E5EEC6AB8D}.Release|Any CPU.Build.0 = Release|Any CPU
		{6D62A449-58C4-4964-9E0E-29CF6376983C}.Debug|Any CPU.ActiveCfg = Debug|Any CPU
		{6D62A449-58C4-4964-9E0E-29CF6376983C}.Debug|Any CPU.Build.0 = Debug|Any CPU
		{6D62A449-58C4-4964-9E0E-29CF6376983C}.Release|Any CPU.ActiveCfg = Release|Any CPU
		{6D62A449-58C4-4964-9E0E-29CF6376983C}.Release|Any CPU.Build.0 = Release|Any CPU
	EndGlobalSection
	GlobalSection(SolutionProperties) = preSolution
		HideSolutionNode = FALSE
	EndGlobalSection
	GlobalSection(ExtensibilityGlobals) = postSolution
		SolutionGuid = {70C9D3E4-5096-4963-973D-FB681922768F}
	EndGlobalSection
EndGlobal
